
Microsoft Visual Studio Solution File, Format Version 12.00
# Visual Studio Version 17
VisualStudioVersion = 17.2.32630.192
MinimumVisualStudioVersion = 10.0.40219.1
Project("{FAE04EC0-301F-11D3-BF4B-00C04F79EFBC}") = "TareaApi", "TareaApi\TareaApi.csproj", "{D4AF2DEE-B52B-4615-B81E-C118A20C532E}"
EndProject
Global
	GlobalSection(SolutionConfigurationPlatforms) = preSolution
		Debug|Any CPU = Debug|Any CPU
		Release|Any CPU = Release|Any CPU
	EndGlobalSection
	GlobalSection(ProjectConfigurationPlatforms) = postSolution
		{D4AF2DEE-B52B-4615-B81E-C118A20C532E}.Debug|Any CPU.ActiveCfg = Debug|Any CPU
		{D4AF2DEE-B52B-4615-B81E-C118A20C532E}.Debug|Any CPU.Build.0 = Debug|Any CPU
		{D4AF2DEE-B52B-4615-B81E-C118A20C532E}.Release|Any CPU.ActiveCfg = Release|Any CPU
		{D4AF2DEE-B52B-4615-B81E-C118A20C532E}.Release|Any CPU.Build.0 = Release|Any CPU
	EndGlobalSection
	GlobalSection(SolutionProperties) = preSolution
		HideSolutionNode = FALSE
	EndGlobalSection
	GlobalSection(ExtensibilityGlobals) = postSolution
		SolutionGuid = {1FA7C933-0675-4564-B077-7B3468BCA474}
	EndGlobalSection
EndGlobal
